// !$*UTF8*$!
{
	archiveVersion = 1;
	classes = {
	};
	objectVersion = 77;
	objects = {

/* Begin PBXBuildFile section */
		AA000003AABB000000000003 /* NotationEditor in Frameworks */ = {isa = PBXBuildFile; productRef = AA000002AABB000000000002 /* NotationEditor */; };
		F5A9F57A2FCD08CE003BB4CD /* data in Resources */ = {isa = PBXBuildFile; fileRef = F5A9F5792FCD08CE003BB4CD /* data */; };
/* End PBXBuildFile section */

/* Begin PBXContainerItemProxy section */
		F5A9F55D2FCD08CE003BB4CD /* PBXContainerItemProxy */ = {
			isa = PBXContainerItemProxy;
			containerPortal = F5A9F5472FCD08CD003BB4CD /* Project object */;
			proxyType = 1;
			remoteGlobalIDString = F5A9F54E2FCD08CD003BB4CD;
			remoteInfo = swiftNotation;
		};
		F5A9F5672FCD08CE003BB4CD /* PBXContainerItemProxy */ = {
			isa = PBXContainerItemProxy;
			containerPortal = F5A9F5472FCD08CD003BB4CD /* Project object */;
			proxyType = 1;
			remoteGlobalIDString = F5A9F54E2FCD08CD003BB4CD;
			remoteInfo = swiftNotation;
		};
/* End PBXContainerItemProxy section */

/* Begin PBXFileReference section */
		F5A9F54F2FCD08CD003BB4CD /* swiftNotation.app */ = {isa = PBXFileReference; explicitFileType = wrapper.application; includeInIndex = 0; path = swiftNotation.app; sourceTree = BUILT_PRODUCTS_DIR; };
		F5A9F55C2FCD08CE003BB4CD /* swiftNotationTests.xctest */ = {isa = PBXFileReference; explicitFileType = wrapper.cfbundle; includeInIndex = 0; path = swiftNotationTests.xctest; sourceTree = BUILT_PRODUCTS_DIR; };
		F5A9F5662FCD08CE003BB4CD /* swiftNotationUITests.xctest */ = {isa = PBXFileReference; explicitFileType = wrapper.cfbundle; includeInIndex = 0; path = swiftNotationUITests.xctest; sourceTree = BUILT_PRODUCTS_DIR; };
		F5A9F5792FCD08CE003BB4CD /* data */ = {isa = PBXFileReference; lastKnownFileType = folder; name = data; path = Packages/verovio/data; sourceTree = SOURCE_ROOT; };
/* End PBXFileReference section */

/* Begin PBXFileSystemSynchronizedRootGroup section */
		F5A9F5512FCD08CD003BB4CD /* swiftNotation */ = {
			isa = PBXFileSystemSynchronizedRootGroup;
			path = swiftNotation;
			sourceTree = "<group>";
		};
		F5A9F55F2FCD08CE003BB4CD /* swiftNotationTests */ = {
			isa = PBXFileSystemSynchronizedRootGroup;
			path = swiftNotationTests;
			sourceTree = "<group>";
		};
		F5A9F5692FCD08CE003BB4CD /* swiftNotationUITests */ = {
			isa = PBXFileSystemSynchronizedRootGroup;
			path = swiftNotationUITests;
			sourceTree = "<group>";
		};
/* End PBXFileSystemSynchronizedRootGroup section */

/* Begin PBXFrameworksBuildPhase section */
		F5A9F54C2FCD08CD003BB4CD /* Frameworks */ = {
			isa = PBXFrameworksBuildPhase;
			buildActionMask = 2147483647;
			files = (
				AA000003AABB000000000003 /* NotationEditor in Frameworks */,
			);
			runOnlyForDeploymentPostprocessing = 0;
		};
		F5A9F5592FCD08CE003BB4CD /* Frameworks */ = {
			isa = PBXFrameworksBuildPhase;
			buildActionMask = 2147483647;
			files = (
			);
			runOnlyForDeploymentPostprocessing = 0;
		};
		F5A9F5632FCD08CE003BB4CD /* Frameworks */ = {
			isa = PBXFrameworksBuildPhase;
			buildActionMask = 2147483647;
			files = (
			);
			runOnlyForDeploymentPostprocessing = 0;
		};
/* End PBXFrameworksBuildPhase section */

/* Begin PBXGroup section */
		F5A9F5462FCD08CD003BB4CD = {
			isa = PBXGroup;
			children = (
				F5A9F5512FCD08CD003BB4CD /* swiftNotation */,
				F5A9F55F2FCD08CE003BB4CD /* swiftNotationTests */,
				F5A9F5692FCD08CE003BB4CD /* swiftNotationUITests */,
				F5A9F5502FCD08CD003BB4CD /* Products */,
				F5E5420D2FCDFBCD00FB0FFF /* Recovered References */,
			);
			sourceTree = "<group>";
		};
		F5A9F5502FCD08CD003BB4CD /* Products */ = {
			isa = PBXGroup;
			children = (
				F5A9F54F2FCD08CD003BB4CD /* swiftNotation.app */,
				F5A9F55C2FCD08CE003BB4CD /* swiftNotationTests.xctest */,
				F5A9F5662FCD08CE003BB4CD /* swiftNotationUITests.xctest */,
			);
			name = Products;
			sourceTree = "<group>";
		};
		F5E5420D2FCDFBCD00FB0FFF /* Recovered References */ = {
			isa = PBXGroup;
			children = (
				F5A9F5792FCD08CE003BB4CD /* data */,
			);
			name = "Recovered References";
			sourceTree = "<group>";
		};
/* End PBXGroup section */

/* Begin PBXNativeTarget section */
		F5A9F54E2FCD08CD003BB4CD /* swiftNotation */ = {
			isa = PBXNativeTarget;
			buildConfigurationList = F5A9F5702FCD08CE003BB4CD /* Build configuration list for PBXNativeTarget "swiftNotation" */;
			buildPhases = (
				F5A9F54B2FCD08CD003BB4CD /* Sources */,
				F5A9F54C2FCD08CD003BB4CD /* Frameworks */,
				F5A9F54D2FCD08CD003BB4CD /* Resources */,
			);
			buildRules = (
			);
			dependencies = (
			);
			fileSystemSynchronizedGroups = (
				F5A9F5512FCD08CD003BB4CD /* swiftNotation */,
			);
			name = swiftNotation;
			packageProductDependencies = (
				AA000002AABB000000000002 /* NotationEditor */,
			);
			productName = swiftNotation;
			productReference = F5A9F54F2FCD08CD003BB4CD /* swiftNotation.app */;
			productType = "com.apple.product-type.application";
		};
		F5A9F55B2FCD08CE003BB4CD /* swiftNotationTests */ = {
			isa = PBXNativeTarget;
			buildConfigurationList = F5A9F5732FCD08CE003BB4CD /* Build configuration list for PBXNativeTarget "swiftNotationTests" */;
			buildPhases = (
				F5A9F5582FCD08CE003BB4CD /* Sources */,
				F5A9F5592FCD08CE003BB4CD /* Frameworks */,
				F5A9F55A2FCD08CE003BB4CD /* Resources */,
			);
			buildRules = (
			);
			dependencies = (
				F5A9F55E2FCD08CE003BB4CD /* PBXTargetDependency */,
			);
			fileSystemSynchronizedGroups = (
				F5A9F55F2FCD08CE003BB4CD /* swiftNotationTests */,
			);
			name = swiftNotationTests;
			packageProductDependencies = (
			);
			productName = swiftNotationTests;
			productReference = F5A9F55C2FCD08CE003BB4CD /* swiftNotationTests.xctest */;
			productType = "com.apple.product-type.bundle.unit-test";
		};
		F5A9F5652FCD08CE003BB4CD /* swiftNotationUITests */ = {
			isa = PBXNativeTarget;
			buildConfigurationList = F5A9F5762FCD08CE003BB4CD /* Build configuration list for PBXNativeTarget "swiftNotationUITests" */;
			buildPhases = (
				F5A9F5622FCD08CE003BB4CD /* Sources */,
				F5A9F5632FCD08CE003BB4CD /* Frameworks */,
				F5A9F5642FCD08CE003BB4CD /* Resources */,
			);
			buildRules = (
			);
			dependencies = (
				F5A9F5682FCD08CE003BB4CD /* PBXTargetDependency */,
			);
			fileSystemSynchronizedGroups = (
				F5A9F5692FCD08CE003BB4CD /* swiftNotationUITests */,
			);
			name = swiftNotationUITests;
			packageProductDependencies = (
			);
			productName = swiftNotationUITests;
			productReference = F5A9F5662FCD08CE003BB4CD /* swiftNotationUITests.xctest */;
			productType = "com.apple.product-type.bundle.ui-testing";
		};
/* End PBXNativeTarget section */

/* Begin PBXProject section */
		F5A9F5472FCD08CD003BB4CD /* Project object */ = {
			isa = PBXProject;
			attributes = {
				BuildIndependentTargetsInParallel = 1;
				LastSwiftUpdateCheck = 2650;
				LastUpgradeCheck = 2650;
				TargetAttributes = {
					F5A9F54E2FCD08CD003BB4CD = {
						CreatedOnToolsVersion = 26.5;
					};
					F5A9F55B2FCD08CE003BB4CD = {
						CreatedOnToolsVersion = 26.5;
						TestTargetID = F5A9F54E2FCD08CD003BB4CD;
					};
					F5A9F5652FCD08CE003BB4CD = {
						CreatedOnToolsVersion = 26.5;
						TestTargetID = F5A9F54E2FCD08CD003BB4CD;
					};
				};
			};
			buildConfigurationList = F5A9F54A2FCD08CD003BB4CD /* Build configuration list for PBXProject "swiftNotation" */;
			developmentRegion = en;
			hasScannedForEncodings = 0;
			knownRegions = (
				en,
				Base,
			);
			mainGroup = F5A9F5462FCD08CD003BB4CD;
			minimizedProjectReferenceProxies = 1;
			packageReferences = (
				F51624E52FCEEC8900FB1F8E /* XCLocalSwiftPackageReference "Packages/NotationEditor" */,
			);
			preferredProjectObjectVersion = 77;
			productRefGroup = F5A9F5502FCD08CD003BB4CD /* Products */;
			projectDirPath = "";
			projectRoot = "";
			targets = (
				F5A9F54E2FCD08CD003BB4CD /* swiftNotation */,
				F5A9F55B2FCD08CE003BB4CD /* swiftNotationTests */,
				F5A9F5652FCD08CE003BB4CD /* swiftNotationUITests */,
			);
		};
/* End PBXProject section */

/* Begin PBXResourcesBuildPhase section */
		F5A9F54D2FCD08CD003BB4CD /* Resources */ = {
			isa = PBXResourcesBuildPhase;
			buildActionMask = 2147483647;
			files = (
				F5A9F57A2FCD08CE003BB4CD /* data in Resources */,
			);
			runOnlyForDeploymentPostprocessing = 0;
		};
		F5A9F55A2FCD08CE003BB4CD /* Resources */ = {
			isa = PBXResourcesBuildPhase;
			buildActionMask = 2147483647;
			files = (
			);
			runOnlyForDeploymentPostprocessing = 0;
		};
		F5A9F5642FCD08CE003BB4CD /* Resources */ = {
			isa = PBXResourcesBuildPhase;
			buildActionMask = 2147483647;
			files = (
			);
			runOnlyForDeploymentPostprocessing = 0;
		};
/* End PBXResourcesBuildPhase section */

/* Begin PBXSourcesBuildPhase section */
		F5A9F54B2FCD08CD003BB4CD /* Sources */ = {
			isa = PBXSourcesBuildPhase;
			buildActionMask = 2147483647;
			files = (
			);
			runOnlyForDeploymentPostprocessing = 0;
		};
		F5A9F5582FCD08CE003BB4CD /* Sources */ = {
			isa = PBXSourcesBuildPhase;
			buildActionMask = 2147483647;
			files = (
			);
			runOnlyForDeploymentPostprocessing = 0;
		};
		F5A9F5622FCD08CE003BB4CD /* Sources */ = {
			isa = PBXSourcesBuildPhase;
			buildActionMask = 2147483647;
			files = (
			);
			runOnlyForDeploymentPostprocessing = 0;
		};
/* End PBXSourcesBuildPhase section */

/* Begin PBXTargetDependency section */
		F5A9F55E2FCD08CE003BB4CD /* PBXTargetDependency */ = {
			isa = PBXTargetDependency;
			target = F5A9F54E2FCD08CD003BB4CD /* swiftNotation */;
			targetProxy = F5A9F55D2FCD08CE003BB4CD /* PBXContainerItemProxy */;
		};
		F5A9F5682FCD08CE003BB4CD /* PBXTargetDependency */ = {
			isa = PBXTargetDependency;
			target = F5A9F54E2FCD08CD003BB4CD /* swiftNotation */;
			targetProxy = F5A9F5672FCD08CE003BB4CD /* PBXContainerItemProxy */;
		};
/* End PBXTargetDependency section */

/* Begin XCBuildConfiguration section */
		F5A9F56E2FCD08CE003BB4CD /* Debug */ = {
			isa = XCBuildConfiguration;
			buildSettings = {
				ALWAYS_SEARCH_USER_PATHS = NO;
				ASSETCATALOG_COMPILER_GENERATE_SWIFT_ASSET_SYMBOL_EXTENSIONS = YES;
				CLANG_ANALYZER_NONNULL = YES;
				CLANG_ANALYZER_NUMBER_OBJECT_CONVERSION = YES_AGGRESSIVE;
				CLANG_CXX_LANGUAGE_STANDARD = "gnu++20";
				CLANG_ENABLE_MODULES = YES;
				CLANG_ENABLE_OBJC_ARC = YES;
				CLANG_ENABLE_OBJC_WEAK = YES;
				CLANG_WARN_BLOCK_CAPTURE_AUTORELEASING = YES;
				CLANG_WARN_BOOL_CONVERSION = YES;
				CLANG_WARN_COMMA = YES;
				CLANG_WARN_CONSTANT_CONVERSION = YES;
				CLANG_WARN_DEPRECATED_OBJC_IMPLEMENTATIONS = YES;
				CLANG_WARN_DIRECT_OBJC_ISA_USAGE = YES_ERROR;
				CLANG_WARN_DOCUMENTATION_COMMENTS = YES;
				CLANG_WARN_EMPTY_BODY = YES;
				CLANG_WARN_ENUM_CONVERSION = YES;
				CLANG_WARN_INFINITE_RECURSION = YES;
				CLANG_WARN_INT_CONVERSION = YES;
				CLANG_WARN_NON_LITERAL_NULL_CONVERSION = YES;
				CLANG_WARN_OBJC_IMPLICIT_RETAIN_SELF = YES;
				CLANG_WARN_OBJC_LITERAL_CONVERSION = YES;
				CLANG_WARN_OBJC_ROOT_CLASS = YES_ERROR;
				CLANG_WARN_QUOTED_INCLUDE_IN_FRAMEWORK_HEADER = YES;
				CLANG_WARN_RANGE_LOOP_ANALYSIS = YES;
				CLANG_WARN_STRICT_PROTOTYPES = YES;
				CLANG_WARN_SUSPICIOUS_MOVE = YES;
				CLANG_WARN_UNGUARDED_AVAILABILITY = YES_AGGRESSIVE;
				CLANG_WARN_UNREACHABLE_CODE = YES;
				CLANG_WARN__DUPLICATE_METHOD_MATCH = YES;
				COPY_PHASE_STRIP = NO;
				DEBUG_INFORMATION_FORMAT = dwarf;
				DEVELOPMENT_TEAM = 7FCWP2PT7Q;
				ENABLE_STRICT_OBJC_MSGSEND = YES;
				ENABLE_TESTABILITY = YES;
				ENABLE_USER_SCRIPT_SANDBOXING = YES;
				GCC_C_LANGUAGE_STANDARD = gnu17;
				GCC_DYNAMIC_NO_PIC = NO;
				GCC_NO_COMMON_BLOCKS = YES;
				GCC_OPTIMIZATION_LEVEL = 0;
				GCC_PREPROCESSOR_DEFINITIONS = (
					"DEBUG=1",
					"$(inherited)",
				);
				GCC_WARN_64_TO_32_BIT_CONVERSION = YES;
				GCC_WARN_ABOUT_RETURN_TYPE = YES_ERROR;
				GCC_WARN_UNDECLARED_SELECTOR = YES;
				GCC_WARN_UNINITIALIZED_AUTOS = YES_AGGRESSIVE;
				GCC_WARN_UNUSED_FUNCTION = YES;
				GCC_WARN_UNUSED_VARIABLE = YES;
				LOCALIZATION_PREFERS_STRING_CATALOGS = YES;
				MACOSX_DEPLOYMENT_TARGET = 26.5;
				MTL_ENABLE_DEBUG_INFO = INCLUDE_SOURCE;
				MTL_FAST_MATH = YES;
				ONLY_ACTIVE_ARCH = YES;
				SDKROOT = macosx;
				SWIFT_ACTIVE_COMPILATION_CONDITIONS = "DEBUG $(inherited)";
				SWIFT_OPTIMIZATION_LEVEL = "-Onone";
			};
			name = Debug;
		};
		F5A9F56F2FCD08CE003BB4CD /* Release */ = {
			isa = XCBuildConfiguration;
			buildSettings = {
				ALWAYS_SEARCH_USER_PATHS = NO;
				ASSETCATALOG_COMPILER_GENERATE_SWIFT_ASSET_SYMBOL_EXTENSIONS = YES;
				CLANG_ANALYZER_NONNULL = YES;
				CLANG_ANALYZER_NUMBER_OBJECT_CONVERSION = YES_AGGRESSIVE;
				CLANG_CXX_LANGUAGE_STANDARD = "gnu++20";
				CLANG_ENABLE_MODULES = YES;
				CLANG_ENABLE_OBJC_ARC = YES;
				CLANG_ENABLE_OBJC_WEAK = YES;
				CLANG_WARN_BLOCK_CAPTURE_AUTORELEASING = YES;
				CLANG_WARN_BOOL_CONVERSION = YES;
				CLANG_WARN_COMMA = YES;
				CLANG_WARN_CONSTANT_CONVERSION = YES;
				CLANG_WARN_DEPRECATED_OBJC_IMPLEMENTATIONS = YES;
				CLANG_WARN_DIRECT_OBJC_ISA_USAGE = YES_ERROR;
				CLANG_WARN_DOCUMENTATION_COMMENTS = YES;
				CLANG_WARN_EMPTY_BODY = YES;
				CLANG_WARN_ENUM_CONVERSION = YES;
				CLANG_WARN_INFINITE_RECURSION = YES;
				CLANG_WARN_INT_CONVERSION = YES;
				CLANG_WARN_NON_LITERAL_NULL_CONVERSION = YES;
				CLANG_WARN_OBJC_IMPLICIT_RETAIN_SELF = YES;
				CLANG_WARN_OBJC_LITERAL_CONVERSION = YES;
				CLANG_WARN_OBJC_ROOT_CLASS = YES_ERROR;
				CLANG_WARN_QUOTED_INCLUDE_IN_FRAMEWORK_HEADER = YES;
				CLANG_WARN_RANGE_LOOP_ANALYSIS = YES;
				CLANG_WARN_STRICT_PROTOTYPES = YES;
				CLANG_WARN_SUSPICIOUS_MOVE = YES;
				CLANG_WARN_UNGUARDED_AVAILABILITY = YES_AGGRESSIVE;
				CLANG_WARN_UNREACHABLE_CODE = YES;
				CLANG_WARN__DUPLICATE_METHOD_MATCH = YES;
				COPY_PHASE_STRIP = NO;
				DEBUG_INFORMATION_FORMAT = "dwarf-with-dsym";
				DEVELOPMENT_TEAM = 7FCWP2PT7Q;
				ENABLE_NS_ASSERTIONS = NO;
				ENABLE_STRICT_OBJC_MSGSEND = YES;
				ENABLE_USER_SCRIPT_SANDBOXING = YES;
				GCC_C_LANGUAGE_STANDARD = gnu17;
				GCC_NO_COMMON_BLOCKS = YES;
				GCC_WARN_64_TO_32_BIT_CONVERSION = YES;
				GCC_WARN_ABOUT_RETURN_TYPE = YES_ERROR;
				GCC_WARN_UNDECLARED_SELECTOR = YES;
				GCC_WARN_UNINITIALIZED_AUTOS = YES_AGGRESSIVE;
				GCC_WARN_UNUSED_FUNCTION = YES;
				GCC_WARN_UNUSED_VARIABLE = YES;
				LOCALIZATION_PREFERS_STRING_CATALOGS = YES;
				MACOSX_DEPLOYMENT_TARGET = 26.5;
				MTL_ENABLE_DEBUG_INFO = NO;
				MTL_FAST_MATH = YES;
				SDKROOT = macosx;
				SWIFT_COMPILATION_MODE = wholemodule;
			};
			name = Release;
		};
		F5A9F5712FCD08CE003BB4CD /* Debug */ = {
			isa = XCBuildConfiguration;
			buildSettings = {
				ASSETCATALOG_COMPILER_APPICON_NAME = AppIcon;
				ASSETCATALOG_COMPILER_GLOBAL_ACCENT_COLOR_NAME = AccentColor;
				CODE_SIGN_ENTITLEMENTS = swiftNotation/swiftNotation.entitlements;
				CODE_SIGN_STYLE = Automatic;
				COMBINE_HIDPI_IMAGES = YES;
				CURRENT_PROJECT_VERSION = 1;
				DEVELOPMENT_TEAM = 7FCWP2PT7Q;
				ENABLE_APP_SANDBOX = YES;
				ENABLE_HARDENED_RUNTIME = YES;
				ENABLE_PREVIEWS = YES;
				ENABLE_USER_SELECTED_FILES = readonly;
				GENERATE_INFOPLIST_FILE = YES;
				HEADER_SEARCH_PATHS = (
					"$(inherited)",
					"$(SRCROOT)/Packages/verovio/include",
					"$(SRCROOT)/Packages/verovio/include/crc",
					"$(SRCROOT)/Packages/verovio/include/hum",
					"$(SRCROOT)/Packages/verovio/include/json",
					"$(SRCROOT)/Packages/verovio/include/midi",
					"$(SRCROOT)/Packages/verovio/include/pugi",
					"$(SRCROOT)/Packages/verovio/include/tuning-library",
					"$(SRCROOT)/Packages/verovio/libmei/addons",
					"$(SRCROOT)/Packages/verovio/libmei/dist",
					"$(SRCROOT)/Packages/mx/src/include",
				);
				INFOPLIST_KEY_NSHumanReadableCopyright = "";
				LD_RUNPATH_SEARCH_PATHS = (
					"$(inherited)",
					"@executable_path/../Frameworks",
				);
				LIBRARY_SEARCH_PATHS = (
					"$(inherited)",
					"$(SRCROOT)/Packages/verovio/build",
					"$(SRCROOT)/Packages/mx/build",
				);
				MARKETING_VERSION = 1.0;
				OTHER_LDFLAGS = (
					"$(inherited)",
					"-lverovio",
					"-lmx",
					"-lc++",
				);
				PRODUCT_BUNDLE_IDENTIFIER = neilwhittaker.swiftNotation;
				PRODUCT_NAME = "$(TARGET_NAME)";
				REGISTER_APP_GROUPS = YES;
				STRING_CATALOG_GENERATE_SYMBOLS = YES;
				SWIFT_APPROACHABLE_CONCURRENCY = YES;
				SWIFT_DEFAULT_ACTOR_ISOLATION = MainActor;
				SWIFT_EMIT_LOC_STRINGS = YES;
				SWIFT_OBJC_BRIDGING_HEADER = "swiftNotation/swiftNotation-Bridging-Header.h";
				SWIFT_UPCOMING_FEATURE_MEMBER_IMPORT_VISIBILITY = YES;
				SWIFT_VERSION = 5.0;
			};
			name = Debug;
		};
		F5A9F5722FCD08CE003BB4CD /* Release */ = {
			isa = XCBuildConfiguration;
			buildSettings = {
				ASSETCATALOG_COMPILER_APPICON_NAME = AppIcon;
				ASSETCATALOG_COMPILER_GLOBAL_ACCENT_COLOR_NAME = AccentColor;
				CODE_SIGN_ENTITLEMENTS = swiftNotation/swiftNotation.entitlements;
				CODE_SIGN_STYLE = Automatic;
				COMBINE_HIDPI_IMAGES = YES;
				CURRENT_PROJECT_VERSION = 1;
				DEVELOPMENT_TEAM = 7FCWP2PT7Q;
				ENABLE_APP_SANDBOX = YES;
				ENABLE_HARDENED_RUNTIME = YES;
				ENABLE_PREVIEWS = YES;
				ENABLE_USER_SELECTED_FILES = readonly;
				GENERATE_INFOPLIST_FILE = YES;
				HEADER_SEARCH_PATHS = (
					"$(inherited)",
					"$(SRCROOT)/Packages/verovio/include",
					"$(SRCROOT)/Packages/verovio/include/crc",
					"$(SRCROOT)/Packages/verovio/include/hum",
					"$(SRCROOT)/Packages/verovio/include/json",
					"$(SRCROOT)/Packages/verovio/include/midi",
					"$(SRCROOT)/Packages/verovio/include/pugi",
					"$(SRCROOT)/Packages/verovio/include/tuning-library",
					"$(SRCROOT)/Packages/verovio/libmei/addons",
					"$(SRCROOT)/Packages/verovio/libmei/dist",
					"$(SRCROOT)/Packages/mx/src/include",
				);
				INFOPLIST_KEY_NSHumanReadableCopyright = "";
				LD_RUNPATH_SEARCH_PATHS = (
					"$(inherited)",
					"@executable_path/../Frameworks",
				);
				LIBRARY_SEARCH_PATHS = (
					"$(inherited)",
					"$(SRCROOT)/Packages/verovio/build",
					"$(SRCROOT)/Packages/mx/build",
				);
				MARKETING_VERSION = 1.0;
				OTHER_LDFLAGS = (
					"$(inherited)",
					"-lverovio",
					"-lmx",
					"-lc++",
				);
				PRODUCT_BUNDLE_IDENTIFIER = neilwhittaker.swiftNotation;
				PRODUCT_NAME = "$(TARGET_NAME)";
				REGISTER_APP_GROUPS = YES;
				STRING_CATALOG_GENERATE_SYMBOLS = YES;
				SWIFT_APPROACHABLE_CONCURRENCY = YES;
				SWIFT_DEFAULT_ACTOR_ISOLATION = MainActor;
				SWIFT_EMIT_LOC_STRINGS = YES;
				SWIFT_OBJC_BRIDGING_HEADER = "swiftNotation/swiftNotation-Bridging-Header.h";
				SWIFT_UPCOMING_FEATURE_MEMBER_IMPORT_VISIBILITY = YES;
				SWIFT_VERSION = 5.0;
			};
			name = Release;
		};
		F5A9F5742FCD08CE003BB4CD /* Debug */ = {
			isa = XCBuildConfiguration;
			buildSettings = {
				BUNDLE_LOADER = "$(TEST_HOST)";
				CODE_SIGN_STYLE = Automatic;
				CURRENT_PROJECT_VERSION = 1;
				DEVELOPMENT_TEAM = 7FCWP2PT7Q;
				GENERATE_INFOPLIST_FILE = YES;
				MACOSX_DEPLOYMENT_TARGET = 26.5;
				MARKETING_VERSION = 1.0;
				PRODUCT_BUNDLE_IDENTIFIER = neilwhittaker.swiftNotationTests;
				PRODUCT_NAME = "$(TARGET_NAME)";
				STRING_CATALOG_GENERATE_SYMBOLS = NO;
				SWIFT_APPROACHABLE_CONCURRENCY = YES;
				SWIFT_EMIT_LOC_STRINGS = NO;
				SWIFT_UPCOMING_FEATURE_MEMBER_IMPORT_VISIBILITY = YES;
				SWIFT_VERSION = 5.0;
				TEST_HOST = "$(BUILT_PRODUCTS_DIR)/swiftNotation.app/$(BUNDLE_EXECUTABLE_FOLDER_PATH)/swiftNotation";
			};
			name = Debug;
		};
		F5A9F5752FCD08CE003BB4CD /* Release */ = {
			isa = XCBuildConfiguration;
			buildSettings = {
				BUNDLE_LOADER = "$(TEST_HOST)";
				CODE_SIGN_STYLE = Automatic;
				CURRENT_PROJECT_VERSION = 1;
				DEVELOPMENT_TEAM = 7FCWP2PT7Q;
				GENERATE_INFOPLIST_FILE = YES;
				MACOSX_DEPLOYMENT_TARGET = 26.5;
				MARKETING_VERSION = 1.0;
				PRODUCT_BUNDLE_IDENTIFIER = neilwhittaker.swiftNotationTests;
				PRODUCT_NAME = "$(TARGET_NAME)";
				STRING_CATALOG_GENERATE_SYMBOLS = NO;
				SWIFT_APPROACHABLE_CONCURRENCY = YES;
				SWIFT_EMIT_LOC_STRINGS = NO;
				SWIFT_UPCOMING_FEATURE_MEMBER_IMPORT_VISIBILITY = YES;
				SWIFT_VERSION = 5.0;
				TEST_HOST = "$(BUILT_PRODUCTS_DIR)/swiftNotation.app/$(BUNDLE_EXECUTABLE_FOLDER_PATH)/swiftNotation";
			};
			name = Release;
		};
		F5A9F5772FCD08CE003BB4CD /* Debug */ = {
			isa = XCBuildConfiguration;
			buildSettings = {
				CODE_SIGN_STYLE = Automatic;
				CURRENT_PROJECT_VERSION = 1;
				DEVELOPMENT_TEAM = 7FCWP2PT7Q;
				GENERATE_INFOPLIST_FILE = YES;
				MARKETING_VERSION = 1.0;
				PRODUCT_BUNDLE_IDENTIFIER = neilwhittaker.swiftNotationUITests;
				PRODUCT_NAME = "$(TARGET_NAME)";
				STRING_CATALOG_GENERATE_SYMBOLS = NO;
				SWIFT_APPROACHABLE_CONCURRENCY = YES;
				SWIFT_EMIT_LOC_STRINGS = NO;
				SWIFT_UPCOMING_FEATURE_MEMBER_IMPORT_VISIBILITY = YES;
				SWIFT_VERSION = 5.0;
				TEST_TARGET_NAME = swiftNotation;
			};
			name = Debug;
		};
		F5A9F5782FCD08CE003BB4CD /* Release */ = {
			isa = XCBuildConfiguration;
			buildSettings = {
				CODE_SIGN_STYLE = Automatic;
				CURRENT_PROJECT_VERSION = 1;
				DEVELOPMENT_TEAM = 7FCWP2PT7Q;
				GENERATE_INFOPLIST_FILE = YES;
				MARKETING_VERSION = 1.0;
				PRODUCT_BUNDLE_IDENTIFIER = neilwhittaker.swiftNotationUITests;
				PRODUCT_NAME = "$(TARGET_NAME)";
				STRING_CATALOG_GENERATE_SYMBOLS = NO;
				SWIFT_APPROACHABLE_CONCURRENCY = YES;
				SWIFT_EMIT_LOC_STRINGS = NO;
				SWIFT_UPCOMING_FEATURE_MEMBER_IMPORT_VISIBILITY = YES;
				SWIFT_VERSION = 5.0;
				TEST_TARGET_NAME = swiftNotation;
			};
			name = Release;
		};
/* End XCBuildConfiguration section */

/* Begin XCConfigurationList section */
		F5A9F54A2FCD08CD003BB4CD /* Build configuration list for PBXProject "swiftNotation" */ = {
			isa = XCConfigurationList;
			buildConfigurations = (
				F5A9F56E2FCD08CE003BB4CD /* Debug */,
				F5A9F56F2FCD08CE003BB4CD /* Release */,
			);
			defaultConfigurationIsVisible = 0;
			defaultConfigurationName = Release;
		};
		F5A9F5702FCD08CE003BB4CD /* Build configuration list for PBXNativeTarget "swiftNotation" */ = {
			isa = XCConfigurationList;
			buildConfigurations = (
				F5A9F5712FCD08CE003BB4CD /* Debug */,
				F5A9F5722FCD08CE003BB4CD /* Release */,
			);
			defaultConfigurationIsVisible = 0;
			defaultConfigurationName = Release;
		};
		F5A9F5732FCD08CE003BB4CD /* Build configuration list for PBXNativeTarget "swiftNotationTests" */ = {
			isa = XCConfigurationList;
			buildConfigurations = (
				F5A9F5742FCD08CE003BB4CD /* Debug */,
				F5A9F5752FCD08CE003BB4CD /* Release */,
			);
			defaultConfigurationIsVisible = 0;
			defaultConfigurationName = Release;
		};
		F5A9F5762FCD08CE003BB4CD /* Build configuration list for PBXNativeTarget "swiftNotationUITests" */ = {
			isa = XCConfigurationList;
			buildConfigurations = (
				F5A9F5772FCD08CE003BB4CD /* Debug */,
				F5A9F5782FCD08CE003BB4CD /* Release */,
			);
			defaultConfigurationIsVisible = 0;
			defaultConfigurationName = Release;
		};
/* End XCConfigurationList section */

/* Begin XCLocalSwiftPackageReference section */
		F51624E52FCEEC8900FB1F8E /* XCLocalSwiftPackageReference "Packages/NotationEditor" */ = {
			isa = XCLocalSwiftPackageReference;
			relativePath = Packages/NotationEditor;
		};
/* End XCLocalSwiftPackageReference section */

/* Begin XCSwiftPackageProductDependency section */
		AA000002AABB000000000002 /* NotationEditor */ = {
			isa = XCSwiftPackageProductDependency;
			package = F51624E52FCEEC8900FB1F8E /* XCLocalSwiftPackageReference "Packages/NotationEditor" */;
			productName = NotationEditor;
		};
/* End XCSwiftPackageProductDependency section */
	};
	rootObject = F5A9F5472FCD08CD003BB4CD /* Project object */;
}
